
Microsoft Visual Studio Solution File, Format Version 12.00
# Visual Studio 15
VisualStudioVersion = 15.0.27130.2036
MinimumVisualStudioVersion = 10.0.40219.1
Project("{FAE04EC0-301F-11D3-BF4B-00C04F79EFBC}") = "AppProyecto.Android", "AppProyecto\AppProyecto.Android\AppProyecto.Android.csproj", "{192411C3-D9EF-413B-B116-AE6407D76B04}"
EndProject
Project("{FAE04EC0-301F-11D3-BF4B-00C04F79EFBC}") = "AppProyecto.iOS", "AppProyecto\AppProyecto.iOS\AppProyecto.iOS.csproj", "{ABC14DEC-0B30-4A28-B287-7C610668CA96}"
EndProject
Project("{FAE04EC0-301F-11D3-BF4B-00C04F79EFBC}") = "AppProyecto.UWP", "AppProyecto\AppProyecto.UWP\AppProyecto.UWP.csproj", "{9ED4A032-4BD2-4E12-9180-03B5C93C567F}"
EndProject
Project("{FAE04EC0-301F-11D3-BF4B-00C04F79EFBC}") = "AppProyecto", "AppProyecto\AppProyecto\AppProyecto.csproj", "{22E357B0-D9C6-423B-9A32-7E7F193B6212}"
EndProject
Global
	GlobalSection(SolutionConfigurationPlatforms) = preSolution
		Ad-Hoc|Any CPU = Ad-Hoc|Any CPU
		Ad-Hoc|ARM = Ad-Hoc|ARM
		Ad-Hoc|iPhone = Ad-Hoc|iPhone
		Ad-Hoc|iPhoneSimulator = Ad-Hoc|iPhoneSimulator
		Ad-Hoc|x64 = Ad-Hoc|x64
		Ad-Hoc|x86 = Ad-Hoc|x86
		AppStore|Any CPU = AppStore|Any CPU
		AppStore|ARM = AppStore|ARM
		AppStore|iPhone = AppStore|iPhone
		AppStore|iPhoneSimulator = AppStore|iPhoneSimulator
		AppStore|x64 = AppStore|x64
		AppStore|x86 = AppStore|x86
		Debug|Any CPU = Debug|Any CPU
		Debug|ARM = Debug|ARM
		Debug|iPhone = Debug|iPhone
		Debug|iPhoneSimulator = Debug|iPhoneSimulator
		Debug|x64 = Debug|x64
		Debug|x86 = Debug|x86
		Release|Any CPU = Release|Any CPU
		Release|ARM = Release|ARM
		Release|iPhone = Release|iPhone
		Release|iPhoneSimulator = Release|iPhoneSimulator
		Release|x64 = Release|x64
		Release|x86 = Release|x86
	EndGlobalSection
	GlobalSection(ProjectConfigurationPlatforms) = postSolution
		{192411C3-D9EF-413B-B116-AE6407D76B04}.Ad-Hoc|Any CPU.ActiveCfg = Release|Any CPU
		{192411C3-D9EF-413B-B116-AE6407D76B04}.Ad-Hoc|Any CPU.Build.0 = Release|Any CPU
		{192411C3-D9EF-413B-B116-AE6407D76B04}.Ad-Hoc|Any CPU.Deploy.0 = Release|Any CPU
		{192411C3-D9EF-413B-B116-AE6407D76B04}.Ad-Hoc|ARM.ActiveCfg = Release|Any CPU
		{192411C3-D9EF-413B-B116-AE6407D76B04}.Ad-Hoc|ARM.Build.0 = Release|Any CPU
		{192411C3-D9EF-413B-B116-AE6407D76B04}.Ad-Hoc|ARM.Deploy.0 = Release|Any CPU
		{192411C3-D9EF-413B-B116-AE6407D76B04}.Ad-Hoc|iPhone.ActiveCfg = Release|Any CPU
		{192411C3-D9EF-413B-B116-AE6407D76B04}.Ad-Hoc|iPhone.Build.0 = Release|Any CPU
		{192411C3-D9EF-413B-B116-AE6407D76B04}.Ad-Hoc|iPhone.Deploy.0 = Release|Any CPU
		{192411C3-D9EF-413B-B116-AE6407D76B04}.Ad-Hoc|iPhoneSimulator.ActiveCfg = Release|Any CPU
		{192411C3-D9EF-413B-B116-AE6407D76B04}.Ad-Hoc|iPhoneSimulator.Build.0 = Release|Any CPU
		{192411C3-D9EF-413B-B116-AE6407D76B04}.Ad-Hoc|iPhoneSimulator.Deploy.0 = Release|Any CPU
		{192411C3-D9EF-413B-B116-AE6407D76B04}.Ad-Hoc|x64.ActiveCfg = Release|Any CPU
		{192411C3-D9EF-413B-B116-AE6407D76B04}.Ad-Hoc|x64.Build.0 = Release|Any CPU
		{192411C3-D9EF-413B-B116-AE6407D76B04}.Ad-Hoc|x64.Deploy.0 = Release|Any CPU
		{192411C3-D9EF-413B-B116-AE6407D76B04}.Ad-Hoc|x86.ActiveCfg = Release|Any CPU
		{192411C3-D9EF-413B-B116-AE6407D76B04}.Ad-Hoc|x86.Build.0 = Release|Any CPU
		{192411C3-D9EF-413B-B116-AE6407D76B04}.Ad-Hoc|x86.Deploy.0 = Release|Any CPU
		{192411C3-D9EF-413B-B116-AE6407D76B04}.AppStore|Any CPU.ActiveCfg = Release|Any CPU
		{192411C3-D9EF-413B-B116-AE6407D76B04}.AppStore|Any CPU.Build.0 = Release|Any CPU
		{192411C3-D9EF-413B-B116-AE6407D76B04}.AppStore|Any CPU.Deploy.0 = Release|Any CPU
		{192411C3-D9EF-413B-B116-AE6407D76B04}.AppStore|ARM.ActiveCfg = Release|Any CPU
		{192411C3-D9EF-413B-B116-AE6407D76B04}.AppStore|ARM.Build.0 = Release|Any CPU
		{192411C3-D9EF-413B-B116-AE6407D76B04}.AppStore|ARM.Deploy.0 = Release|Any CPU
		{192411C3-D9EF-413B-B116-AE6407D76B04}.AppStore|iPhone.ActiveCfg = Release|Any CPU
		{192411C3-D9EF-413B-B116-AE6407D76B04}.AppStore|iPhone.Build.0 = Release|Any CPU
		{192411C3-D9EF-413B-B116-AE6407D76B04}.AppStore|iPhone.Deploy.0 = Release|Any CPU
		{192411C3-D9EF-413B-B116-AE6407D76B04}.AppStore|iPhoneSimulator.ActiveCfg = Release|Any CPU
		{192411C3-D9EF-413B-B116-AE6407D76B04}.AppStore|iPhoneSimulator.Build.0 = Release|Any CPU
		{192411C3-D9EF-413B-B116-AE6407D76B04}.AppStore|iPhoneSimulator.Deploy.0 = Release|Any CPU
		{192411C3-D9EF-413B-B116-AE6407D76B04}.AppStore|x64.ActiveCfg = Release|Any CPU
		{192411C3-D9EF-413B-B116-AE6407D76B04}.AppStore|x64.Build.0 = Release|Any CPU
		{192411C3-D9EF-413B-B116-AE6407D76B04}.AppStore|x64.Deploy.0 = Release|Any CPU
		{192411C3-D9EF-413B-B116-AE6407D76B04}.AppStore|x86.ActiveCfg = Release|Any CPU
		{192411C3-D9EF-413B-B116-AE6407D76B04}.AppStore|x86.Build.0 = Release|Any CPU
		{192411C3-D9EF-413B-B116-AE6407D76B04}.AppStore|x86.Deploy.0 = Release|Any CPU
		{192411C3-D9EF-413B-B116-AE6407D76B04}.Debug|Any CPU.ActiveCfg = Debug|Any CPU
		{192411C3-D9EF-413B-B116-AE6407D76B04}.Debug|Any CPU.Build.0 = Debug|Any CPU
		{192411C3-D9EF-413B-B116-AE6407D76B04}.Debug|Any CPU.Deploy.0 = Debug|Any CPU
		{192411C3-D9EF-413B-B116-AE6407D76B04}.Debug|ARM.ActiveCfg = Debug|Any CPU
		{192411C3-D9EF-413B-B116-AE6407D76B04}.Debug|ARM.Build.0 = Debug|Any CPU
		{192411C3-D9EF-413B-B116-AE6407D76B04}.Debug|ARM.Deploy.0 = Debug|Any CPU
		{192411C3-D9EF-413B-B116-AE6407D76B04}.Debug|iPhone.ActiveCfg = Debug|Any CPU
		{192411C3-D9EF-413B-B116-AE6407D76B04}.Debug|iPhone.Build.0 = Debug|Any CPU
		{192411C3-D9EF-413B-B116-AE6407D76B04}.Debug|iPhone.Deploy.0 = Debug|Any CPU
		{192411C3-D9EF-413B-B116-AE6407D76B04}.Debug|iPhoneSimulator.ActiveCfg = Debug|Any CPU
		{192411C3-D9EF-413B-B116-AE6407D76B04}.Debug|iPhoneSimulator.Build.0 = Debug|Any CPU
		{192411C3-D9EF-413B-B116-AE6407D76B04}.Debug|iPhoneSimulator.Deploy.0 = Debug|Any CPU
		{192411C3-D9EF-413B-B116-AE6407D76B04}.Debug|x64.ActiveCfg = Debug|Any CPU
		{192411C3-D9EF-413B-B116-AE6407D76B04}.Debug|x64.Build.0 = Debug|Any CPU
		{192411C3-D9EF-413B-B116-AE6407D76B04}.Debug|x64.Deploy.0 = Debug|Any CPU
		{192411C3-D9EF-413B-B116-AE6407D76B04}.Debug|x86.ActiveCfg = Debug|Any CPU
		{192411C3-D9EF-413B-B116-AE6407D76B04}.Debug|x86.Build.0 = Debug|Any CPU
		{192411C3-D9EF-413B-B116-AE6407D76B04}.Debug|x86.Deploy.0 = Debug|Any CPU
		{192411C3-D9EF-413B-B116-AE6407D76B04}.Release|Any CPU.ActiveCfg = Release|Any CPU
		{192411C3-D9EF-413B-B116-AE6407D76B04}.Release|Any CPU.Build.0 = Release|Any CPU
		{192411C3-D9EF-413B-B116-AE6407D76B04}.Release|Any CPU.Deploy.0 = Release|Any CPU
		{192411C3-D9EF-413B-B116-AE6407D76B04}.Release|ARM.ActiveCfg = Release|Any CPU
		{192411C3-D9EF-413B-B116-AE6407D76B04}.Release|ARM.Build.0 = Release|Any CPU
		{192411C3-D9EF-413B-B116-AE6407D76B04}.Release|ARM.Deploy.0 = Release|Any CPU
		{192411C3-D9EF-413B-B116-AE6407D76B04}.Release|iPhone.ActiveCfg = Release|Any CPU
		{192411C3-D9EF-413B-B116-AE6407D76B04}.Release|iPhone.Build.0 = Release|Any CPU
		{192411C3-D9EF-413B-B116-AE6407D76B04}.Release|iPhone.Deploy.0 = Release|Any CPU
		{192411C3-D9EF-413B-B116-AE6407D76B04}.Release|iPhoneSimulator.ActiveCfg = Release|Any CPU
		{192411C3-D9EF-413B-B116-AE6407D76B04}.Release|iPhoneSimulator.Build.0 = Release|Any CPU
		{192411C3-D9EF-413B-B116-AE6407D76B04}.Release|iPhoneSimulator.Deploy.0 = Release|Any CPU
		{192411C3-D9EF-413B-B116-AE6407D76B04}.Release|x64.ActiveCfg = Release|Any CPU
		{192411C3-D9EF-413B-B116-AE6407D76B04}.Release|x64.Build.0 = Release|Any CPU
		{192411C3-D9EF-413B-B116-AE6407D76B04}.Release|x64.Deploy.0 = Release|Any CPU
		{192411C3-D9EF-413B-B116-AE6407D76B04}.Release|x86.ActiveCfg = Release|Any CPU
		{192411C3-D9EF-413B-B116-AE6407D76B04}.Release|x86.Build.0 = Release|Any CPU
		{192411C3-D9EF-413B-B116-AE6407D76B04}.Release|x86.Deploy.0 = Release|Any CPU
		{ABC14DEC-0B30-4A28-B287-7C610668CA96}.Ad-Hoc|Any CPU.ActiveCfg = Ad-Hoc|iPhone
		{ABC14DEC-0B30-4A28-B287-7C610668CA96}.Ad-Hoc|ARM.ActiveCfg = Ad-Hoc|iPhone
		{ABC14DEC-0B30-4A28-B287-7C610668CA96}.Ad-Hoc|iPhone.ActiveCfg = Ad-Hoc|iPhone
		{ABC14DEC-0B30-4A28-B287-7C610668CA96}.Ad-Hoc|iPhone.Build.0 = Ad-Hoc|iPhone
		{ABC14DEC-0B30-4A28-B287-7C610668CA96}.Ad-Hoc|iPhoneSimulator.ActiveCfg = Ad-Hoc|iPhoneSimulator
		{ABC14DEC-0B30-4A28-B287-7C610668CA96}.Ad-Hoc|iPhoneSimulator.Build.0 = Ad-Hoc|iPhoneSimulator
		{ABC14DEC-0B30-4A28-B287-7C610668CA96}.Ad-Hoc|x64.ActiveCfg = Ad-Hoc|iPhone
		{ABC14DEC-0B30-4A28-B287-7C610668CA96}.Ad-Hoc|x86.ActiveCfg = Ad-Hoc|iPhone
		{ABC14DEC-0B30-4A28-B287-7C610668CA96}.AppStore|Any CPU.ActiveCfg = AppStore|iPhone
		{ABC14DEC-0B30-4A28-B287-7C610668CA96}.AppStore|ARM.ActiveCfg = AppStore|iPhone
		{ABC14DEC-0B30-4A28-B287-7C610668CA96}.AppStore|iPhone.ActiveCfg = AppStore|iPhone
		{ABC14DEC-0B30-4A28-B287-7C610668CA96}.AppStore|iPhone.Build.0 = AppStore|iPhone
		{ABC14DEC-0B30-4A28-B287-7C610668CA96}.AppStore|iPhoneSimulator.ActiveCfg = AppStore|iPhoneSimulator
		{ABC14DEC-0B30-4A28-B287-7C610668CA96}.AppStore|iPhoneSimulator.Build.0 = AppStore|iPhoneSimulator
		{ABC14DEC-0B30-4A28-B287-7C610668CA96}.AppStore|x64.ActiveCfg = AppStore|iPhone
		{ABC14DEC-0B30-4A28-B287-7C610668CA96}.AppStore|x86.ActiveCfg = AppStore|iPhone
		{ABC14DEC-0B30-4A28-B287-7C610668CA96}.Debug|Any CPU.ActiveCfg = Debug|iPhone
		{ABC14DEC-0B30-4A28-B287-7C610668CA96}.Debug|ARM.ActiveCfg = Debug|iPhone
		{ABC14DEC-0B30-4A28-B287-7C610668CA96}.Debug|iPhone.ActiveCfg = Debug|iPhone
		{ABC14DEC-0B30-4A28-B287-7C610668CA96}.Debug|iPhone.Build.0 = Debug|iPhone
		{ABC14DEC-0B30-4A28-B287-7C610668CA96}.Debug|iPhoneSimulator.ActiveCfg = Debug|iPhoneSimulator
		{ABC14DEC-0B30-4A28-B287-7C610668CA96}.Debug|iPhoneSimulator.Build.0 = Debug|iPhoneSimulator
		{ABC14DEC-0B30-4A28-B287-7C610668CA96}.Debug|x64.ActiveCfg = Debug|iPhone
		{ABC14DEC-0B30-4A28-B287-7C610668CA96}.Debug|x86.ActiveCfg = Debug|iPhone
		{ABC14DEC-0B30-4A28-B287-7C610668CA96}.Release|Any CPU.ActiveCfg = Release|iPhone
		{ABC14DEC-0B30-4A28-B287-7C610668CA96}.Release|ARM.ActiveCfg = Release|iPhone
		{ABC14DEC-0B30-4A28-B287-7C610668CA96}.Release|iPhone.ActiveCfg = Release|iPhone
		{ABC14DEC-0B30-4A28-B287-7C610668CA96}.Release|iPhone.Build.0 = Release|iPhone
		{ABC14DEC-0B30-4A28-B287-7C610668CA96}.Release|iPhoneSimulator.ActiveCfg = Release|iPhoneSimulator
		{ABC14DEC-0B30-4A28-B287-7C610668CA96}.Release|iPhoneSimulator.Build.0 = Release|iPhoneSimulator
		{ABC14DEC-0B30-4A28-B287-7C610668CA96}.Release|x64.ActiveCfg = Release|iPhone
		{ABC14DEC-0B30-4A28-B287-7C610668CA96}.Release|x86.ActiveCfg = Release|iPhone
		{9ED4A032-4BD2-4E12-9180-03B5C93C567F}.Ad-Hoc|Any CPU.ActiveCfg = Release|x86
		{9ED4A032-4BD2-4E12-9180-03B5C93C567F}.Ad-Hoc|Any CPU.Build.0 = Release|x86
		{9ED4A032-4BD2-4E12-9180-03B5C93C567F}.Ad-Hoc|Any CPU.Deploy.0 = Release|x86
		{9ED4A032-4BD2-4E12-9180-03B5C93C567F}.Ad-Hoc|ARM.ActiveCfg = Release|ARM
		{9ED4A032-4BD2-4E12-9180-03B5C93C567F}.Ad-Hoc|ARM.Build.0 = Release|ARM
		{9ED4A032-4BD2-4E12-9180-03B5C93C567F}.Ad-Hoc|ARM.Deploy.0 = Release|ARM
		{9ED4A032-4BD2-4E12-9180-03B5C93C567F}.Ad-Hoc|iPhone.ActiveCfg = Release|x86
		{9ED4A032-4BD2-4E12-9180-03B5C93C567F}.Ad-Hoc|iPhone.Build.0 = Release|x86
		{9ED4A032-4BD2-4E12-9180-03B5C93C567F}.Ad-Hoc|iPhone.Deploy.0 = Release|x86
		{9ED4A032-4BD2-4E12-9180-03B5C93C567F}.Ad-Hoc|iPhoneSimulator.ActiveCfg = Release|x86
		{9ED4A032-4BD2-4E12-9180-03B5C93C567F}.Ad-Hoc|iPhoneSimulator.Build.0 = Release|x86
		{9ED4A032-4BD2-4E12-9180-03B5C93C567F}.Ad-Hoc|iPhoneSimulator.Deploy.0 = Release|x86
		{9ED4A032-4BD2-4E12-9180-03B5C93C567F}.Ad-Hoc|x64.ActiveCfg = Release|x64
		{9ED4A032-4BD2-4E12-9180-03B5C93C567F}.Ad-Hoc|x64.Build.0 = Release|x64
		{9ED4A032-4BD2-4E12-9180-03B5C93C567F}.Ad-Hoc|x64.Deploy.0 = Release|x64
		{9ED4A032-4BD2-4E12-9180-03B5C93C567F}.Ad-Hoc|x86.ActiveCfg = Release|x86
		{9ED4A032-4BD2-4E12-9180-03B5C93C567F}.Ad-Hoc|x86.Build.0 = Release|x86
		{9ED4A032-4BD2-4E12-9180-03B5C93C567F}.Ad-Hoc|x86.Deploy.0 = Release|x86
		{9ED4A032-4BD2-4E12-9180-03B5C93C567F}.AppStore|Any CPU.ActiveCfg = Release|x86
		{9ED4A032-4BD2-4E12-9180-03B5C93C567F}.AppStore|Any CPU.Build.0 = Release|x86
		{9ED4A032-4BD2-4E12-9180-03B5C93C567F}.AppStore|Any CPU.Deploy.0 = Release|x86
		{9ED4A032-4BD2-4E12-9180-03B5C93C567F}.AppStore|ARM.ActiveCfg = Release|ARM
		{9ED4A032-4BD2-4E12-9180-03B5C93C567F}.AppStore|ARM.Build.0 = Release|ARM
		{9ED4A032-4BD2-4E12-9180-03B5C93C567F}.AppStore|ARM.Deploy.0 = Release|ARM
		{9ED4A032-4BD2-4E12-9180-03B5C93C567F}.AppStore|iPhone.ActiveCfg = Release|x86
		{9ED4A032-4BD2-4E12-9180-03B5C93C567F}.AppStore|iPhone.Build.0 = Release|x86
		{9ED4A032-4BD2-4E12-9180-03B5C93C567F}.AppStore|iPhone.Deploy.0 = Release|x86
		{9ED4A032-4BD2-4E12-9180-03B5C93C567F}.AppStore|iPhoneSimulator.ActiveCfg = Release|x86
		{9ED4A032-4BD2-4E12-9180-03B5C93C567F}.AppStore|iPhoneSimulator.Build.0 = Release|x86
		{9ED4A032-4BD2-4E12-9180-03B5C93C567F}.AppStore|iPhoneSimulator.Deploy.0 = Release|x86
		{9ED4A032-4BD2-4E12-9180-03B5C93C567F}.AppStore|x64.ActiveCfg = Release|x64
		{9ED4A032-4BD2-4E12-9180-03B5C93C567F}.AppStore|x64.Build.0 = Release|x64
		{9ED4A032-4BD2-4E12-9180-03B5C93C567F}.AppStore|x64.Deploy.0 = Release|x64
		{9ED4A032-4BD2-4E12-9180-03B5C93C567F}.AppStore|x86.ActiveCfg = Release|x86
		{9ED4A032-4BD2-4E12-9180-03B5C93C567F}.AppStore|x86.Build.0 = Release|x86
		{9ED4A032-4BD2-4E12-9180-03B5C93C567F}.AppStore|x86.Deploy.0 = Release|x86
		{9ED4A032-4BD2-4E12-9180-03B5C93C567F}.Debug|Any CPU.ActiveCfg = Debug|x86
		{9ED4A032-4BD2-4E12-9180-03B5C93C567F}.Debug|ARM.ActiveCfg = Debug|ARM
		{9ED4A032-4BD2-4E12-9180-03B5C93C567F}.Debug|ARM.Build.0 = Debug|ARM
		{9ED4A032-4BD2-4E12-9180-03B5C93C567F}.Debug|ARM.Deploy.0 = Debug|ARM
		{9ED4A032-4BD2-4E12-9180-03B5C93C567F}.Debug|iPhone.ActiveCfg = Debug|x86
		{9ED4A032-4BD2-4E12-9180-03B5C93C567F}.Debug|iPhoneSimulator.ActiveCfg = Debug|x86
		{9ED4A032-4BD2-4E12-9180-03B5C93C567F}.Debug|x64.ActiveCfg = Debug|x64
		{9ED4A032-4BD2-4E12-9180-03B5C93C567F}.Debug|x64.Build.0 = Debug|x64
		{9ED4A032-4BD2-4E12-9180-03B5C93C567F}.Debug|x64.Deploy.0 = Debug|x64
		{9ED4A032-4BD2-4E12-9180-03B5C93C567F}.Debug|x86.ActiveCfg = Debug|x86
		{9ED4A032-4BD2-4E12-9180-03B5C93C567F}.Debug|x86.Build.0 = Debug|x86
		{9ED4A032-4BD2-4E12-9180-03B5C93C567F}.Debug|x86.Deploy.0 = Debug|x86
		{9ED4A032-4BD2-4E12-9180-03B5C93C567F}.Release|Any CPU.ActiveCfg = Release|x86
		{9ED4A032-4BD2-4E12-9180-03B5C93C567F}.Release|ARM.ActiveCfg = Release|ARM
		{9ED4A032-4BD2-4E12-9180-03B5C93C567F}.Release|ARM.Build.0 = Release|ARM
		{9ED4A032-4BD2-4E12-9180-03B5C93C567F}.Release|ARM.Deploy.0 = Release|ARM
		{9ED4A032-4BD2-4E12-9180-03B5C93C567F}.Release|iPhone.ActiveCfg = Release|x86
		{9ED4A032-4BD2-4E12-9180-03B5C93C567F}.Release|iPhoneSimulator.ActiveCfg = Release|x86
		{9ED4A032-4BD2-4E12-9180-03B5C93C567F}.Release|x64.ActiveCfg = Release|x64
		{9ED4A032-4BD2-4E12-9180-03B5C93C567F}.Release|x64.Build.0 = Release|x64
		{9ED4A032-4BD2-4E12-9180-03B5C93C567F}.Release|x64.Deploy.0 = Release|x64
		{9ED4A032-4BD2-4E12-9180-03B5C93C567F}.Release|x86.ActiveCfg = Release|x86
		{9ED4A032-4BD2-4E12-9180-03B5C93C567F}.Release|x86.Build.0 = Release|x86
		{9ED4A032-4BD2-4E12-9180-03B5C93C567F}.Release|x86.Deploy.0 = Release|x86
		{22E357B0-D9C6-423B-9A32-7E7F193B6212}.Ad-Hoc|Any CPU.ActiveCfg = Debug|Any CPU
		{22E357B0-D9C6-423B-9A32-7E7F193B6212}.Ad-Hoc|Any CPU.Build.0 = Debug|Any CPU
		{22E357B0-D9C6-423B-9A32-7E7F193B6212}.Ad-Hoc|ARM.ActiveCfg = Debug|Any CPU
		{22E357B0-D9C6-423B-9A32-7E7F193B6212}.Ad-Hoc|ARM.Build.0 = Debug|Any CPU
		{22E357B0-D9C6-423B-9A32-7E7F193B6212}.Ad-Hoc|iPhone.ActiveCfg = Debug|Any CPU
		{22E357B0-D9C6-423B-9A32-7E7F193B6212}.Ad-Hoc|iPhone.Build.0 = Debug|Any CPU
		{22E357B0-D9C6-423B-9A32-7E7F193B6212}.Ad-Hoc|iPhoneSimulator.ActiveCfg = Debug|Any CPU
		{22E357B0-D9C6-423B-9A32-7E7F193B6212}.Ad-Hoc|iPhoneSimulator.Build.0 = Debug|Any CPU
		{22E357B0-D9C6-423B-9A32-7E7F193B6212}.Ad-Hoc|x64.ActiveCfg = Debug|Any CPU
		{22E357B0-D9C6-423B-9A32-7E7F193B6212}.Ad-Hoc|x64.Build.0 = Debug|Any CPU
		{22E357B0-D9C6-423B-9A32-7E7F193B6212}.Ad-Hoc|x86.ActiveCfg = Debug|Any CPU
		{22E357B0-D9C6-423B-9A32-7E7F193B6212}.Ad-Hoc|x86.Build.0 = Debug|Any CPU
		{22E357B0-D9C6-423B-9A32-7E7F193B6212}.AppStore|Any CPU.ActiveCfg = Debug|Any CPU
		{22E357B0-D9C6-423B-9A32-7E7F193B6212}.AppStore|Any CPU.Build.0 = Debug|Any CPU
		{22E357B0-D9C6-423B-9A32-7E7F193B6212}.AppStore|ARM.ActiveCfg = Debug|Any CPU
		{22E357B0-D9C6-423B-9A32-7E7F193B6212}.AppStore|ARM.Build.0 = Debug|Any CPU
		{22E357B0-D9C6-423B-9A32-7E7F193B6212}.AppStore|iPhone.ActiveCfg = Debug|Any CPU
		{22E357B0-D9C6-423B-9A32-7E7F193B6212}.AppStore|iPhone.Build.0 = Debug|Any CPU
		{22E357B0-D9C6-423B-9A32-7E7F193B6212}.AppStore|iPhoneSimulator.ActiveCfg = Debug|Any CPU
		{22E357B0-D9C6-423B-9A32-7E7F193B6212}.AppStore|iPhoneSimulator.Build.0 = Debug|Any CPU
		{22E357B0-D9C6-423B-9A32-7E7F193B6212}.AppStore|x64.ActiveCfg = Debug|Any CPU
		{22E357B0-D9C6-423B-9A32-7E7F193B6212}.AppStore|x64.Build.0 = Debug|Any CPU
		{22E357B0-D9C6-423B-9A32-7E7F193B6212}.AppStore|x86.ActiveCfg = Debug|Any CPU
		{22E357B0-D9C6-423B-9A32-7E7F193B6212}.AppStore|x86.Build.0 = Debug|Any CPU
		{22E357B0-D9C6-423B-9A32-7E7F193B6212}.Debug|Any CPU.ActiveCfg = Debug|Any CPU
		{22E357B0-D9C6-423B-9A32-7E7F193B6212}.Debug|Any CPU.Build.0 = Debug|Any CPU
		{22E357B0-D9C6-423B-9A32-7E7F193B6212}.Debug|ARM.ActiveCfg = Debug|Any CPU
		{22E357B0-D9C6-423B-9A32-7E7F193B6212}.Debug|ARM.Build.0 = Debug|Any CPU
		{22E357B0-D9C6-423B-9A32-7E7F193B6212}.Debug|iPhone.ActiveCfg = Debug|Any CPU
		{22E357B0-D9C6-423B-9A32-7E7F193B6212}.Debug|iPhone.Build.0 = Debug|Any CPU
		{22E357B0-D9C6-423B-9A32-7E7F193B6212}.Debug|iPhoneSimulator.ActiveCfg = Debug|Any CPU
		{22E357B0-D9C6-423B-9A32-7E7F193B6212}.Debug|iPhoneSimulator.Build.0 = Debug|Any CPU
		{22E357B0-D9C6-423B-9A32-7E7F193B6212}.Debug|x64.ActiveCfg = Debug|Any CPU
		{22E357B0-D9C6-423B-9A32-7E7F193B6212}.Debug|x64.Build.0 = Debug|Any CPU
		{22E357B0-D9C6-423B-9A32-7E7F193B6212}.Debug|x86.ActiveCfg = Debug|Any CPU
		{22E357B0-D9C6-423B-9A32-7E7F193B6212}.Debug|x86.Build.0 = Debug|Any CPU
		{22E357B0-D9C6-423B-9A32-7E7F193B6212}.Release|Any CPU.ActiveCfg = Release|Any CPU
		{22E357B0-D9C6-423B-9A32-7E7F193B6212}.Release|Any CPU.Build.0 = Release|Any CPU
		{22E357B0-D9C6-423B-9A32-7E7F193B6212}.Release|ARM.ActiveCfg = Release|Any CPU
		{22E357B0-D9C6-423B-9A32-7E7F193B6212}.Release|ARM.Build.0 = Release|Any CPU
		{22E357B0-D9C6-423B-9A32-7E7F193B6212}.Release|iPhone.ActiveCfg = Release|Any CPU
		{22E357B0-D9C6-423B-9A32-7E7F193B6212}.Release|iPhone.Build.0 = Release|Any CPU
		{22E357B0-D9C6-423B-9A32-7E7F193B6212}.Release|iPhoneSimulator.ActiveCfg = Release|Any CPU
		{22E357B0-D9C6-423B-9A32-7E7F193B6212}.Release|iPhoneSimulator.Build.0 = Release|Any CPU
		{22E357B0-D9C6-423B-9A32-7E7F193B6212}.Release|x64.ActiveCfg = Release|Any CPU
		{22E357B0-D9C6-423B-9A32-7E7F193B6212}.Release|x64.Build.0 = Release|Any CPU
		{22E357B0-D9C6-423B-9A32-7E7F193B6212}.Release|x86.ActiveCfg = Release|Any CPU
		{22E357B0-D9C6-423B-9A32-7E7F193B6212}.Release|x86.Build.0 = Release|Any CPU
	EndGlobalSection
	GlobalSection(SolutionProperties) = preSolution
		HideSolutionNode = FALSE
	EndGlobalSection
	GlobalSection(ExtensibilityGlobals) = postSolution
		SolutionGuid = {693A714C-6628-48A1-8696-6CDAD2CDADBC}
	EndGlobalSection
EndGlobal
